
Microsoft Visual Studio Solution File, Format Version 12.00
# Visual Studio Version 16
VisualStudioVersion = 16.0.30001.183
MinimumVisualStudioVersion = 15.0.26124.0
Project("{9A19103F-16F7-4668-BE54-9A1E7A4F7556}") = "AWSXRay.SQS.Consumer.Extensions", "AWSXRay.SQS.Consumer.Extensions\AWSXRay.SQS.Consumer.Extensions.csproj", "{210C8204-8A66-4BB1-9ADD-4CC76B72AFDE}"
EndProject
Global
	GlobalSection(SolutionConfigurationPlatforms) = preSolution
		Debug|Any CPU = Debug|Any CPU
		Debug|x64 = Debug|x64
		Debug|x86 = Debug|x86
		Release|Any CPU = Release|Any CPU
		Release|x64 = Release|x64
		Release|x86 = Release|x86
	EndGlobalSection
	GlobalSection(ProjectConfigurationPlatforms) = postSolution
		{210C8204-8A66-4BB1-9ADD-4CC76B72AFDE}.Debug|Any CPU.ActiveCfg = Debug|Any CPU
		{210C8204-8A66-4BB1-9ADD-4CC76B72AFDE}.Debug|Any CPU.Build.0 = Debug|Any CPU
		{210C8204-8A66-4BB1-9ADD-4CC76B72AFDE}.Debug|x64.ActiveCfg = Debug|Any CPU
		{210C8204-8A66-4BB1-9ADD-4CC76B72AFDE}.Debug|x64.Build.0 = Debug|Any CPU
		{210C8204-8A66-4BB1-9ADD-4CC76B72AFDE}.Debug|x86.ActiveCfg = Debug|Any CPU
		{210C8204-8A66-4BB1-9ADD-4CC76B72AFDE}.Debug|x86.Build.0 = Debug|Any CPU
		{210C8204-8A66-4BB1-9ADD-4CC76B72AFDE}.Release|Any CPU.ActiveCfg = Release|Any CPU
		{210C8204-8A66-4BB1-9ADD-4CC76B72AFDE}.Release|Any CPU.Build.0 = Release|Any CPU
		{210C8204-8A66-4BB1-9ADD-4CC76B72AFDE}.Release|x64.ActiveCfg = Release|Any CPU
		{210C8204-8A66-4BB1-9ADD-4CC76B72AFDE}.Release|x64.Build.0 = Release|Any CPU
		{210C8204-8A66-4BB1-9ADD-4CC76B72AFDE}.Release|x86.ActiveCfg = Release|Any CPU
		{210C8204-8A66-4BB1-9ADD-4CC76B72AFDE}.Release|x86.Build.0 = Release|Any CPU
	EndGlobalSection
	GlobalSection(SolutionProperties) = preSolution
		HideSolutionNode = FALSE
	EndGlobalSection
	GlobalSection(ExtensibilityGlobals) = postSolution
		SolutionGuid = {877D55C9-AA41-4F2C-928A-C1B004244EEC}
	EndGlobalSection
EndGlobal
